
Microsoft Visual Studio Solution File, Format Version 12.00
# Visual Studio 15
VisualStudioVersion = 15.0.25123.0
MinimumVisualStudioVersion = 10.0.40219.1
Project("{FAE04EC0-301F-11D3-BF4B-00C04F79EFBC}") = "ClipFlair.Metadata", "ClipFlair.Metadata.csproj", "{A84716D5-5523-421C-AEB6-9EBAA0C77F93}"
EndProject
Project("{2150E333-8FDC-42A3-9474-1A3956D46DE8}") = "Diagrams", "Diagrams", "{DBE78397-968C-4D62-B40A-3B4F98A6ECE4}"
	ProjectSection(SolutionItems) = preProject
		ClipFlair.Metadata.cd = ClipFlair.Metadata.cd
	EndProjectSection
EndProject
Project("{2150E333-8FDC-42A3-9474-1A3956D46DE8}") = "NuGet", "NuGet", "{8EBE710F-A8F3-47C7-9066-D7AC545B3825}"
	ProjectSection(SolutionItems) = preProject
		NuGet\ClipFlair.Metadata.nuspec = NuGet\ClipFlair.Metadata.nuspec
	EndProjectSection
EndProject
Global
	GlobalSection(SolutionConfigurationPlatforms) = preSolution
		Debug|Any CPU = Debug|Any CPU
		Release|Any CPU = Release|Any CPU
	EndGlobalSection
	GlobalSection(ProjectConfigurationPlatforms) = postSolution
		{A84716D5-5523-421C-AEB6-9EBAA0C77F93}.Debug|Any CPU.ActiveCfg = Debug|Any CPU
		{A84716D5-5523-421C-AEB6-9EBAA0C77F93}.Debug|Any CPU.Build.0 = Debug|Any CPU
		{A84716D5-5523-421C-AEB6-9EBAA0C77F93}.Release|Any CPU.ActiveCfg = Release|Any CPU
		{A84716D5-5523-421C-AEB6-9EBAA0C77F93}.Release|Any CPU.Build.0 = Release|Any CPU
	EndGlobalSection
	GlobalSection(SolutionProperties) = preSolution
		HideSolutionNode = FALSE
	EndGlobalSection
EndGlobal
